
Microsoft Visual Studio Solution File, Format Version 12.00
# Visual Studio Version 17
VisualStudioVersion = 17.0.32014.148
MinimumVisualStudioVersion = 10.0.40219.1
Project("{8BC9CEB8-8B4A-11D0-8D11-00A0C91BC942}") = "ConsoleApplication1", "ConsoleApplication1\ConsoleApplication1.vcxproj", "{7251A877-7570-453C-9629-86E69E4D6D9A}"
EndProject
Global
	GlobalSection(SolutionConfigurationPlatforms) = preSolution
		Debug|x64 = Debug|x64
		Debug|x86 = Debug|x86
		Release|x64 = Release|x64
		Release|x86 = Release|x86
	EndGlobalSection
	GlobalSection(ProjectConfigurationPlatforms) = postSolution
		{7251A877-7570-453C-9629-86E69E4D6D9A}.Debug|x64.ActiveCfg = Debug|x64
		{7251A877-7570-453C-9629-86E69E4D6D9A}.Debug|x64.Build.0 = Debug|x64
		{7251A877-7570-453C-9629-86E69E4D6D9A}.Debug|x86.ActiveCfg = Debug|Win32
		{7251A877-7570-453C-9629-86E69E4D6D9A}.Debug|x86.Build.0 = Debug|Win32
		{7251A877-7570-453C-9629-86E69E4D6D9A}.Release|x64.ActiveCfg = Release|x64
		{7251A877-7570-453C-9629-86E69E4D6D9A}.Release|x64.Build.0 = Release|x64
		{7251A877-7570-453C-9629-86E69E4D6D9A}.Release|x86.ActiveCfg = Release|Win32
		{7251A877-7570-453C-9629-86E69E4D6D9A}.Release|x86.Build.0 = Release|Win32
	EndGlobalSection
	GlobalSection(SolutionProperties) = preSolution
		HideSolutionNode = FALSE
	EndGlobalSection
	GlobalSection(ExtensibilityGlobals) = postSolution
		SolutionGuid = {2450E9F4-4793-4180-9421-99B1F8668386}
	EndGlobalSection
EndGlobal
